
Microsoft Visual Studio Solution File, Format Version 12.00
# Visual Studio Version 17
VisualStudioVersion = 17.11.35219.272
MinimumVisualStudioVersion = 10.0.40219.1
Project("{FAE04EC0-301F-11D3-BF4B-00C04F79EFBC}") = "ConsoleCalculator", "ConsoleCalculator\ConsoleCalculator.csproj", "{23F8EA73-3ED0-4883-9F60-03E58EFE44CF}"
EndProject
Global
	GlobalSection(SolutionConfigurationPlatforms) = preSolution
		Debug|Any CPU = Debug|Any CPU
		Release|Any CPU = Release|Any CPU
	EndGlobalSection
	GlobalSection(ProjectConfigurationPlatforms) = postSolution
		{23F8EA73-3ED0-4883-9F60-03E58EFE44CF}.Debug|Any CPU.ActiveCfg = Debug|Any CPU
		{23F8EA73-3ED0-4883-9F60-03E58EFE44CF}.Debug|Any CPU.Build.0 = Debug|Any CPU
		{23F8EA73-3ED0-4883-9F60-03E58EFE44CF}.Release|Any CPU.ActiveCfg = Release|Any CPU
		{23F8EA73-3ED0-4883-9F60-03E58EFE44CF}.Release|Any CPU.Build.0 = Release|Any CPU
	EndGlobalSection
	GlobalSection(SolutionProperties) = preSolution
		HideSolutionNode = FALSE
	EndGlobalSection
	GlobalSection(ExtensibilityGlobals) = postSolution
		SolutionGuid = {E7A35A82-8065-4F17-9B91-33D23AD7BF68}
	EndGlobalSection
EndGlobal
